
Microsoft Visual Studio Solution File, Format Version 12.00
# Visual Studio 15
VisualStudioVersion = 15.0.26228.9
MinimumVisualStudioVersion = 10.0.40219.1
Project("{FAE04EC0-301F-11D3-BF4B-00C04F79EFBC}") = "SimeraExample", "SimeraExample\SimeraExample.csproj", "{4DC59D6F-026F-4079-BD40-1E584C98A502}"
EndProject
Project("{FAE04EC0-301F-11D3-BF4B-00C04F79EFBC}") = "Lib.Visuals", "..\Lib.Visuals\Lib.Visuals.csproj", "{1B6562B4-EC7A-4E56-8E17-FA3040026200}"
EndProject
Project("{FAE04EC0-301F-11D3-BF4B-00C04F79EFBC}") = "Lib.Input", "..\Lib.Input\Lib.Input.csproj", "{2236F1BC-AAC7-4FAC-9E18-A622FD148F82}"
EndProject
Project("{FAE04EC0-301F-11D3-BF4B-00C04F79EFBC}") = "Lib.LevelLoader", "..\Lib.LevelLoader\Lib.LevelLoader.csproj", "{1C4BB265-4030-4015-B781-1FA06D53B317}"
EndProject
Project("{FAE04EC0-301F-11D3-BF4B-00C04F79EFBC}") = "Lib.Logic", "Lib.Logic\Lib.Logic.csproj", "{4E6F3535-2AC8-4B8D-850E-F9536EF50A25}"
EndProject
Global
	GlobalSection(SolutionConfigurationPlatforms) = preSolution
		Debug|Any CPU = Debug|Any CPU
		Release|Any CPU = Release|Any CPU
	EndGlobalSection
	GlobalSection(ProjectConfigurationPlatforms) = postSolution
		{4DC59D6F-026F-4079-BD40-1E584C98A502}.Debug|Any CPU.ActiveCfg = Debug|Any CPU
		{4DC59D6F-026F-4079-BD40-1E584C98A502}.Debug|Any CPU.Build.0 = Debug|Any CPU
		{4DC59D6F-026F-4079-BD40-1E584C98A502}.Release|Any CPU.ActiveCfg = Release|Any CPU
		{4DC59D6F-026F-4079-BD40-1E584C98A502}.Release|Any CPU.Build.0 = Release|Any CPU
		{1B6562B4-EC7A-4E56-8E17-FA3040026200}.Debug|Any CPU.ActiveCfg = Debug|Any CPU
		{1B6562B4-EC7A-4E56-8E17-FA3040026200}.Debug|Any CPU.Build.0 = Debug|Any CPU
		{1B6562B4-EC7A-4E56-8E17-FA3040026200}.Release|Any CPU.ActiveCfg = Release|Any CPU
		{1B6562B4-EC7A-4E56-8E17-FA3040026200}.Release|Any CPU.Build.0 = Release|Any CPU
		{2236F1BC-AAC7-4FAC-9E18-A622FD148F82}.Debug|Any CPU.ActiveCfg = Debug|Any CPU
		{2236F1BC-AAC7-4FAC-9E18-A622FD148F82}.Debug|Any CPU.Build.0 = Debug|Any CPU
		{2236F1BC-AAC7-4FAC-9E18-A622FD148F82}.Release|Any CPU.ActiveCfg = Release|Any CPU
		{2236F1BC-AAC7-4FAC-9E18-A622FD148F82}.Release|Any CPU.Build.0 = Release|Any CPU
	EndGlobalSection
	GlobalSection(SolutionProperties) = preSolution
		HideSolutionNode = FALSE
	EndGlobalSection
EndGlobal
