
Microsoft Visual Studio Solution File, Format Version 12.00
# Visual Studio 15
VisualStudioVersion = 15.0.26228.9
MinimumVisualStudioVersion = 10.0.40219.1
Project("{FAE04EC0-301F-11D3-BF4B-00C04F79EFBC}") = "Simput", "..\Simput\Simput.csproj", "{2236F1BC-AAC7-4FAC-9E18-A622FD148F82}"
EndProject
Project("{FAE04EC0-301F-11D3-BF4B-00C04F79EFBC}") = "SimeraExample", "SimeraExample\SimeraExample.csproj", "{4DC59D6F-026F-4079-BD40-1E584C98A502}"
EndProject
Project("{FAE04EC0-301F-11D3-BF4B-00C04F79EFBC}") = "Simuals", "..\Simuals\Simuals.csproj", "{1B6562B4-EC7A-4E56-8E17-FA3040026200}"
EndProject
Project("{FAE04EC0-301F-11D3-BF4B-00C04F79EFBC}") = "Simloader", "..\Simloader\Simloader.csproj", "{1C4BB265-4030-4015-B781-1FA06D53B317}"
EndProject
Global
	GlobalSection(SolutionConfigurationPlatforms) = preSolution
		Debug|Any CPU = Debug|Any CPU
		Release|Any CPU = Release|Any CPU
	EndGlobalSection
	GlobalSection(ProjectConfigurationPlatforms) = postSolution
		{2236F1BC-AAC7-4FAC-9E18-A622FD148F82}.Debug|Any CPU.ActiveCfg = Debug|Any CPU
		{2236F1BC-AAC7-4FAC-9E18-A622FD148F82}.Debug|Any CPU.Build.0 = Debug|Any CPU
		{2236F1BC-AAC7-4FAC-9E18-A622FD148F82}.Release|Any CPU.ActiveCfg = Release|Any CPU
		{2236F1BC-AAC7-4FAC-9E18-A622FD148F82}.Release|Any CPU.Build.0 = Release|Any CPU
		{4DC59D6F-026F-4079-BD40-1E584C98A502}.Debug|Any CPU.ActiveCfg = Debug|Any CPU
		{4DC59D6F-026F-4079-BD40-1E584C98A502}.Debug|Any CPU.Build.0 = Debug|Any CPU
		{4DC59D6F-026F-4079-BD40-1E584C98A502}.Release|Any CPU.ActiveCfg = Release|Any CPU
		{4DC59D6F-026F-4079-BD40-1E584C98A502}.Release|Any CPU.Build.0 = Release|Any CPU
		{1B6562B4-EC7A-4E56-8E17-FA3040026200}.Debug|Any CPU.ActiveCfg = Debug|Any CPU
		{1B6562B4-EC7A-4E56-8E17-FA3040026200}.Debug|Any CPU.Build.0 = Debug|Any CPU
		{1B6562B4-EC7A-4E56-8E17-FA3040026200}.Release|Any CPU.ActiveCfg = Release|Any CPU
		{1B6562B4-EC7A-4E56-8E17-FA3040026200}.Release|Any CPU.Build.0 = Release|Any CPU
		{1C4BB265-4030-4015-B781-1FA06D53B317}.Debug|Any CPU.ActiveCfg = Debug|Any CPU
		{1C4BB265-4030-4015-B781-1FA06D53B317}.Debug|Any CPU.Build.0 = Debug|Any CPU
		{1C4BB265-4030-4015-B781-1FA06D53B317}.Release|Any CPU.ActiveCfg = Release|Any CPU
		{1C4BB265-4030-4015-B781-1FA06D53B317}.Release|Any CPU.Build.0 = Release|Any CPU
	EndGlobalSection
	GlobalSection(SolutionProperties) = preSolution
		HideSolutionNode = FALSE
	EndGlobalSection
EndGlobal
